
Microsoft Visual Studio Solution File, Format Version 12.00
# Visual Studio 15
VisualStudioVersion = 15.0.28307.779
MinimumVisualStudioVersion = 10.0.40219.1
Project("{FAE04EC0-301F-11D3-BF4B-00C04F79EFBC}") = "AirCompanyConsoleApp", "AirCompanyConsoleApp\AirCompanyConsoleApp.csproj", "{552FD964-743A-4834-9197-54609625135D}"
EndProject
Global
	GlobalSection(SolutionConfigurationPlatforms) = preSolution
		Debug|Any CPU = Debug|Any CPU
		Release|Any CPU = Release|Any CPU
	EndGlobalSection
	GlobalSection(ProjectConfigurationPlatforms) = postSolution
		{552FD964-743A-4834-9197-54609625135D}.Debug|Any CPU.ActiveCfg = Debug|Any CPU
		{552FD964-743A-4834-9197-54609625135D}.Debug|Any CPU.Build.0 = Debug|Any CPU
		{552FD964-743A-4834-9197-54609625135D}.Release|Any CPU.ActiveCfg = Release|Any CPU
		{552FD964-743A-4834-9197-54609625135D}.Release|Any CPU.Build.0 = Release|Any CPU
	EndGlobalSection
	GlobalSection(SolutionProperties) = preSolution
		HideSolutionNode = FALSE
	EndGlobalSection
	GlobalSection(ExtensibilityGlobals) = postSolution
		SolutionGuid = {F9EE6DED-92F2-4789-9722-351664A60E22}
	EndGlobalSection
EndGlobal
